
Microsoft Visual Studio Solution File, Format Version 12.00
# Visual Studio Version 17
VisualStudioVersion = 17.2.32516.85
MinimumVisualStudioVersion = 10.0.40219.1
Project("{FAE04EC0-301F-11D3-BF4B-00C04F79EFBC}") = "FileManager3000", "FileManager3000\FileManager3000.csproj", "{DA676259-6DF0-4DEA-8ED2-2424A3BC6595}"
EndProject
Global
	GlobalSection(SolutionConfigurationPlatforms) = preSolution
		Debug|Any CPU = Debug|Any CPU
		Release|Any CPU = Release|Any CPU
	EndGlobalSection
	GlobalSection(ProjectConfigurationPlatforms) = postSolution
		{DA676259-6DF0-4DEA-8ED2-2424A3BC6595}.Debug|Any CPU.ActiveCfg = Debug|Any CPU
		{DA676259-6DF0-4DEA-8ED2-2424A3BC6595}.Debug|Any CPU.Build.0 = Debug|Any CPU
		{DA676259-6DF0-4DEA-8ED2-2424A3BC6595}.Release|Any CPU.ActiveCfg = Release|Any CPU
		{DA676259-6DF0-4DEA-8ED2-2424A3BC6595}.Release|Any CPU.Build.0 = Release|Any CPU
	EndGlobalSection
	GlobalSection(SolutionProperties) = preSolution
		HideSolutionNode = FALSE
	EndGlobalSection
	GlobalSection(ExtensibilityGlobals) = postSolution
		SolutionGuid = {F31D7B75-F1C9-4279-A5E8-916B8DB8EA14}
	EndGlobalSection
EndGlobal
